
Microsoft Visual Studio Solution File, Format Version 12.00
# Visual Studio Version 16
VisualStudioVersion = 16.0.30309.148
MinimumVisualStudioVersion = 10.0.40219.1
Project("{9A19103F-16F7-4668-BE54-9A1E7A4F7556}") = "Covid.Client", "Covid.Client\Covid.Client.csproj", "{FE40CA85-1F71-4B39-90AE-969E3F11C61A}"
EndProject
Project("{9A19103F-16F7-4668-BE54-9A1E7A4F7556}") = "Covid.Server", "Covid.Server\Covid.Server.csproj", "{CD8C693E-7059-436E-884D-F9D12009F322}"
EndProject
Project("{9A19103F-16F7-4668-BE54-9A1E7A4F7556}") = "Covid.Shared", "Covid.Shared\Covid.Shared.csproj", "{E88D0850-ADA4-4FC8-B6F8-241E4D849BC0}"
EndProject
Global
	GlobalSection(SolutionConfigurationPlatforms) = preSolution
		Debug|Any CPU = Debug|Any CPU
		Release|Any CPU = Release|Any CPU
	EndGlobalSection
	GlobalSection(ProjectConfigurationPlatforms) = postSolution
		{FE40CA85-1F71-4B39-90AE-969E3F11C61A}.Debug|Any CPU.ActiveCfg = Debug|Any CPU
		{FE40CA85-1F71-4B39-90AE-969E3F11C61A}.Debug|Any CPU.Build.0 = Debug|Any CPU
		{FE40CA85-1F71-4B39-90AE-969E3F11C61A}.Release|Any CPU.ActiveCfg = Release|Any CPU
		{FE40CA85-1F71-4B39-90AE-969E3F11C61A}.Release|Any CPU.Build.0 = Release|Any CPU
		{CD8C693E-7059-436E-884D-F9D12009F322}.Debug|Any CPU.ActiveCfg = Debug|Any CPU
		{CD8C693E-7059-436E-884D-F9D12009F322}.Debug|Any CPU.Build.0 = Debug|Any CPU
		{CD8C693E-7059-436E-884D-F9D12009F322}.Release|Any CPU.ActiveCfg = Release|Any CPU
		{CD8C693E-7059-436E-884D-F9D12009F322}.Release|Any CPU.Build.0 = Release|Any CPU
		{E88D0850-ADA4-4FC8-B6F8-241E4D849BC0}.Debug|Any CPU.ActiveCfg = Debug|Any CPU
		{E88D0850-ADA4-4FC8-B6F8-241E4D849BC0}.Debug|Any CPU.Build.0 = Debug|Any CPU
		{E88D0850-ADA4-4FC8-B6F8-241E4D849BC0}.Release|Any CPU.ActiveCfg = Release|Any CPU
		{E88D0850-ADA4-4FC8-B6F8-241E4D849BC0}.Release|Any CPU.Build.0 = Release|Any CPU
	EndGlobalSection
	GlobalSection(SolutionProperties) = preSolution
		HideSolutionNode = FALSE
	EndGlobalSection
	GlobalSection(ExtensibilityGlobals) = postSolution
		SolutionGuid = {1225C590-8B68-4B73-B283-1D0DFB5D0BB4}
	EndGlobalSection
EndGlobal
